# THIS IS AN AUTOGENERATED FILE. DO NOT EDIT THIS FILE DIRECTLY.
# yarn lockfile v1


uikit@^3.4.0:
  version "3.4.0"
  resolved "https://registry.yarnpkg.com/uikit/-/uikit-3.4.0.tgz#f1a72929944e5ed2082c84e226a9057a9c7828f9"
  integrity sha512-P8m++iIv0fkc5G/bJ73Rt6Vah1Y0qwga3/i63ah41YvegHcSGRinX5FFjviimNhNU/hXUSCK1A68pJr7TlntIQ==
